
Microsoft Visual Studio Solution File, Format Version 12.00
# Visual Studio 15
VisualStudioVersion = 15.0.28010.2050
MinimumVisualStudioVersion = 10.0.40219.1
Project("{FAE04EC0-301F-11D3-BF4B-00C04F79EFBC}") = "ExcelDataReader", "ExcelDataReader\ExcelDataReader.csproj", "{7266129D-5414-4DE9-BC27-FF871A5EEA8E}"
EndProject
Global
	GlobalSection(SolutionConfigurationPlatforms) = preSolution
		Debug|Any CPU = Debug|Any CPU
		Release|Any CPU = Release|Any CPU
	EndGlobalSection
	GlobalSection(ProjectConfigurationPlatforms) = postSolution
		{7266129D-5414-4DE9-BC27-FF871A5EEA8E}.Debug|Any CPU.ActiveCfg = Debug|Any CPU
		{7266129D-5414-4DE9-BC27-FF871A5EEA8E}.Debug|Any CPU.Build.0 = Debug|Any CPU
		{7266129D-5414-4DE9-BC27-FF871A5EEA8E}.Release|Any CPU.ActiveCfg = Release|Any CPU
		{7266129D-5414-4DE9-BC27-FF871A5EEA8E}.Release|Any CPU.Build.0 = Release|Any CPU
	EndGlobalSection
	GlobalSection(SolutionProperties) = preSolution
		HideSolutionNode = FALSE
	EndGlobalSection
	GlobalSection(ExtensibilityGlobals) = postSolution
		SolutionGuid = {1B63F954-2E28-4223-BBD7-5A6A71F1BF42}
	EndGlobalSection
EndGlobal
